
Microsoft Visual Studio Solution File, Format Version 12.00
# Visual Studio Version 17
VisualStudioVersion = 17.7.34221.43
MinimumVisualStudioVersion = 10.0.40219.1
Project("{9A19103F-16F7-4668-BE54-9A1E7A4F7556}") = "Classes", "Classes\Classes.csproj", "{9FC40744-57CF-41D0-962F-43B1C7953BFD}"
EndProject
Project("{9A19103F-16F7-4668-BE54-9A1E7A4F7556}") = "RdcAbstract", "Es2\RdcAbstract.csproj", "{EF9FC185-FEE2-4784-975E-40BBA48258F4}"
EndProject
Project("{9A19103F-16F7-4668-BE54-9A1E7A4F7556}") = "BankAndCEDU", "BankAndCEDU\BankAndCEDU.csproj", "{19FE4CF8-9D1B-4C95-A5C1-1F31E379142B}"
EndProject
Project("{9A19103F-16F7-4668-BE54-9A1E7A4F7556}") = "CodiceDiagrammaUmlStato", "CodiceDiagrammaUmlStato\CodiceDiagrammaUmlStato.csproj", "{A99F07C9-CC80-4F78-9B51-2FB2D3B5ED51}"
EndProject
Project("{9A19103F-16F7-4668-BE54-9A1E7A4F7556}") = "Refactoring_EU_Request", "Refactoring_EU_Request\Refactoring_EU_Request.csproj", "{4757EC19-A878-4E69-8049-798635ADF81E}"
EndProject
Project("{9A19103F-16F7-4668-BE54-9A1E7A4F7556}") = "EUArray", "EUArray\EUArray.csproj", "{664389D8-DD89-45E8-A97B-2B97C94A7FCA}"
EndProject
Project("{9A19103F-16F7-4668-BE54-9A1E7A4F7556}") = "SpotifyV0.0", "SpotifyV0\SpotifyV0.0.csproj", "{EA4D536B-457F-45BF-917B-55C070F7A049}"
EndProject
Project("{9A19103F-16F7-4668-BE54-9A1E7A4F7556}") = "FileSystem", "FileSystem\FileSystem.csproj", "{3C54B2DA-7427-4CF7-BFB5-137F2738D0C4}"
EndProject
Project("{9A19103F-16F7-4668-BE54-9A1E7A4F7556}") = "SpotiModel", "SpotiLibrary\SpotiModel.csproj", "{82952076-26CA-4E2A-A8CC-E7C4AE1FDAC9}"
EndProject
Project("{9A19103F-16F7-4668-BE54-9A1E7A4F7556}") = "Proxy", "Proxy\Proxy.csproj", "{4BCC7833-321C-4270-964D-829DCD1844C8}"
EndProject
Project("{9A19103F-16F7-4668-BE54-9A1E7A4F7556}") = "SpotyView", "SpotyView\SpotyView.csproj", "{4C3AEF57-03EF-4151-B174-1F25F8F3830F}"
EndProject
Project("{9A19103F-16F7-4668-BE54-9A1E7A4F7556}") = "SpotifyV1LIB", "SpotifyV1LIB\SpotifyV1LIB.csproj", "{2590CEF6-74AF-4F1E-8262-AAA1E8B709FD}"
EndProject
Project("{9A19103F-16F7-4668-BE54-9A1E7A4F7556}") = "SpotiUtil", "SpotiUtil\SpotiUtil.csproj", "{D822A407-BD9E-48E2-A472-7172623D21F3}"
EndProject
Project("{2150E333-8FDC-42A3-9474-1A3956D46DE8}") = "Spotify0", "Spotify0", "{88E98877-0E7B-4D83-BBF1-078103534C18}"
EndProject
Project("{2150E333-8FDC-42A3-9474-1A3956D46DE8}") = "Spotify1", "Spotify1", "{6B389B37-50EE-4FC8-A89B-43AF325AD4D5}"
EndProject
Project("{2150E333-8FDC-42A3-9474-1A3956D46DE8}") = "Esercizi", "Esercizi", "{B63ECACB-725B-4C64-B324-217FCD6A88D8}"
EndProject
Project("{9A19103F-16F7-4668-BE54-9A1E7A4F7556}") = "SpotiBackend", "SpotiBackend\SpotiBackend.csproj", "{22B9AA15-373F-4986-8D8B-EF92B1247738}"
EndProject
Project("{2150E333-8FDC-42A3-9474-1A3956D46DE8}") = "SpotifyDTO", "SpotifyDTO", "{B03D3690-62DA-4F8E-9E23-6FC9C29BDCC6}"
EndProject
Project("{9A19103F-16F7-4668-BE54-9A1E7A4F7556}") = "SpotiControl", "SpotiConsole\SpotiControl.csproj", "{E8D467B5-73B7-4B0D-A266-4D02FFCEAFEC}"
EndProject
Global
	GlobalSection(SolutionConfigurationPlatforms) = preSolution
		Debug|Any CPU = Debug|Any CPU
		Release|Any CPU = Release|Any CPU
	EndGlobalSection
	GlobalSection(ProjectConfigurationPlatforms) = postSolution
		{9FC40744-57CF-41D0-962F-43B1C7953BFD}.Debug|Any CPU.ActiveCfg = Debug|Any CPU
		{9FC40744-57CF-41D0-962F-43B1C7953BFD}.Debug|Any CPU.Build.0 = Debug|Any CPU
		{9FC40744-57CF-41D0-962F-43B1C7953BFD}.Release|Any CPU.ActiveCfg = Release|Any CPU
		{9FC40744-57CF-41D0-962F-43B1C7953BFD}.Release|Any CPU.Build.0 = Release|Any CPU
		{EF9FC185-FEE2-4784-975E-40BBA48258F4}.Debug|Any CPU.ActiveCfg = Debug|Any CPU
		{EF9FC185-FEE2-4784-975E-40BBA48258F4}.Debug|Any CPU.Build.0 = Debug|Any CPU
		{EF9FC185-FEE2-4784-975E-40BBA48258F4}.Release|Any CPU.ActiveCfg = Release|Any CPU
		{EF9FC185-FEE2-4784-975E-40BBA48258F4}.Release|Any CPU.Build.0 = Release|Any CPU
		{19FE4CF8-9D1B-4C95-A5C1-1F31E379142B}.Debug|Any CPU.ActiveCfg = Debug|Any CPU
		{19FE4CF8-9D1B-4C95-A5C1-1F31E379142B}.Debug|Any CPU.Build.0 = Debug|Any CPU
		{19FE4CF8-9D1B-4C95-A5C1-1F31E379142B}.Release|Any CPU.ActiveCfg = Release|Any CPU
		{19FE4CF8-9D1B-4C95-A5C1-1F31E379142B}.Release|Any CPU.Build.0 = Release|Any CPU
		{A99F07C9-CC80-4F78-9B51-2FB2D3B5ED51}.Debug|Any CPU.ActiveCfg = Debug|Any CPU
		{A99F07C9-CC80-4F78-9B51-2FB2D3B5ED51}.Debug|Any CPU.Build.0 = Debug|Any CPU
		{A99F07C9-CC80-4F78-9B51-2FB2D3B5ED51}.Release|Any CPU.ActiveCfg = Release|Any CPU
		{A99F07C9-CC80-4F78-9B51-2FB2D3B5ED51}.Release|Any CPU.Build.0 = Release|Any CPU
		{4757EC19-A878-4E69-8049-798635ADF81E}.Debug|Any CPU.ActiveCfg = Debug|Any CPU
		{4757EC19-A878-4E69-8049-798635ADF81E}.Debug|Any CPU.Build.0 = Debug|Any CPU
		{4757EC19-A878-4E69-8049-798635ADF81E}.Release|Any CPU.ActiveCfg = Release|Any CPU
		{4757EC19-A878-4E69-8049-798635ADF81E}.Release|Any CPU.Build.0 = Release|Any CPU
		{664389D8-DD89-45E8-A97B-2B97C94A7FCA}.Debug|Any CPU.ActiveCfg = Debug|Any CPU
		{664389D8-DD89-45E8-A97B-2B97C94A7FCA}.Debug|Any CPU.Build.0 = Debug|Any CPU
		{664389D8-DD89-45E8-A97B-2B97C94A7FCA}.Release|Any CPU.ActiveCfg = Release|Any CPU
		{664389D8-DD89-45E8-A97B-2B97C94A7FCA}.Release|Any CPU.Build.0 = Release|Any CPU
		{EA4D536B-457F-45BF-917B-55C070F7A049}.Debug|Any CPU.ActiveCfg = Debug|Any CPU
		{EA4D536B-457F-45BF-917B-55C070F7A049}.Debug|Any CPU.Build.0 = Debug|Any CPU
		{EA4D536B-457F-45BF-917B-55C070F7A049}.Release|Any CPU.ActiveCfg = Release|Any CPU
		{EA4D536B-457F-45BF-917B-55C070F7A049}.Release|Any CPU.Build.0 = Release|Any CPU
		{3C54B2DA-7427-4CF7-BFB5-137F2738D0C4}.Debug|Any CPU.ActiveCfg = Debug|Any CPU
		{3C54B2DA-7427-4CF7-BFB5-137F2738D0C4}.Debug|Any CPU.Build.0 = Debug|Any CPU
		{3C54B2DA-7427-4CF7-BFB5-137F2738D0C4}.Release|Any CPU.ActiveCfg = Release|Any CPU
		{3C54B2DA-7427-4CF7-BFB5-137F2738D0C4}.Release|Any CPU.Build.0 = Release|Any CPU
		{82952076-26CA-4E2A-A8CC-E7C4AE1FDAC9}.Debug|Any CPU.ActiveCfg = Debug|Any CPU
		{82952076-26CA-4E2A-A8CC-E7C4AE1FDAC9}.Debug|Any CPU.Build.0 = Debug|Any CPU
		{82952076-26CA-4E2A-A8CC-E7C4AE1FDAC9}.Release|Any CPU.ActiveCfg = Release|Any CPU
		{82952076-26CA-4E2A-A8CC-E7C4AE1FDAC9}.Release|Any CPU.Build.0 = Release|Any CPU
		{4BCC7833-321C-4270-964D-829DCD1844C8}.Debug|Any CPU.ActiveCfg = Debug|Any CPU
		{4BCC7833-321C-4270-964D-829DCD1844C8}.Debug|Any CPU.Build.0 = Debug|Any CPU
		{4BCC7833-321C-4270-964D-829DCD1844C8}.Release|Any CPU.ActiveCfg = Release|Any CPU
		{4BCC7833-321C-4270-964D-829DCD1844C8}.Release|Any CPU.Build.0 = Release|Any CPU
		{4C3AEF57-03EF-4151-B174-1F25F8F3830F}.Debug|Any CPU.ActiveCfg = Debug|Any CPU
		{4C3AEF57-03EF-4151-B174-1F25F8F3830F}.Debug|Any CPU.Build.0 = Debug|Any CPU
		{4C3AEF57-03EF-4151-B174-1F25F8F3830F}.Release|Any CPU.ActiveCfg = Release|Any CPU
		{4C3AEF57-03EF-4151-B174-1F25F8F3830F}.Release|Any CPU.Build.0 = Release|Any CPU
		{2590CEF6-74AF-4F1E-8262-AAA1E8B709FD}.Debug|Any CPU.ActiveCfg = Debug|Any CPU
		{2590CEF6-74AF-4F1E-8262-AAA1E8B709FD}.Debug|Any CPU.Build.0 = Debug|Any CPU
		{2590CEF6-74AF-4F1E-8262-AAA1E8B709FD}.Release|Any CPU.ActiveCfg = Release|Any CPU
		{2590CEF6-74AF-4F1E-8262-AAA1E8B709FD}.Release|Any CPU.Build.0 = Release|Any CPU
		{D822A407-BD9E-48E2-A472-7172623D21F3}.Debug|Any CPU.ActiveCfg = Debug|Any CPU
		{D822A407-BD9E-48E2-A472-7172623D21F3}.Debug|Any CPU.Build.0 = Debug|Any CPU
		{D822A407-BD9E-48E2-A472-7172623D21F3}.Release|Any CPU.ActiveCfg = Release|Any CPU
		{D822A407-BD9E-48E2-A472-7172623D21F3}.Release|Any CPU.Build.0 = Release|Any CPU
		{22B9AA15-373F-4986-8D8B-EF92B1247738}.Debug|Any CPU.ActiveCfg = Debug|Any CPU
		{22B9AA15-373F-4986-8D8B-EF92B1247738}.Debug|Any CPU.Build.0 = Debug|Any CPU
		{22B9AA15-373F-4986-8D8B-EF92B1247738}.Release|Any CPU.ActiveCfg = Release|Any CPU
		{22B9AA15-373F-4986-8D8B-EF92B1247738}.Release|Any CPU.Build.0 = Release|Any CPU
		{E8D467B5-73B7-4B0D-A266-4D02FFCEAFEC}.Debug|Any CPU.ActiveCfg = Debug|Any CPU
		{E8D467B5-73B7-4B0D-A266-4D02FFCEAFEC}.Debug|Any CPU.Build.0 = Debug|Any CPU
		{E8D467B5-73B7-4B0D-A266-4D02FFCEAFEC}.Release|Any CPU.ActiveCfg = Release|Any CPU
		{E8D467B5-73B7-4B0D-A266-4D02FFCEAFEC}.Release|Any CPU.Build.0 = Release|Any CPU
	EndGlobalSection
	GlobalSection(SolutionProperties) = preSolution
		HideSolutionNode = FALSE
	EndGlobalSection
	GlobalSection(NestedProjects) = preSolution
		{9FC40744-57CF-41D0-962F-43B1C7953BFD} = {B63ECACB-725B-4C64-B324-217FCD6A88D8}
		{EF9FC185-FEE2-4784-975E-40BBA48258F4} = {B63ECACB-725B-4C64-B324-217FCD6A88D8}
		{19FE4CF8-9D1B-4C95-A5C1-1F31E379142B} = {B63ECACB-725B-4C64-B324-217FCD6A88D8}
		{A99F07C9-CC80-4F78-9B51-2FB2D3B5ED51} = {B63ECACB-725B-4C64-B324-217FCD6A88D8}
		{4757EC19-A878-4E69-8049-798635ADF81E} = {B63ECACB-725B-4C64-B324-217FCD6A88D8}
		{664389D8-DD89-45E8-A97B-2B97C94A7FCA} = {B63ECACB-725B-4C64-B324-217FCD6A88D8}
		{EA4D536B-457F-45BF-917B-55C070F7A049} = {88E98877-0E7B-4D83-BBF1-078103534C18}
		{3C54B2DA-7427-4CF7-BFB5-137F2738D0C4} = {B63ECACB-725B-4C64-B324-217FCD6A88D8}
		{82952076-26CA-4E2A-A8CC-E7C4AE1FDAC9} = {6B389B37-50EE-4FC8-A89B-43AF325AD4D5}
		{4BCC7833-321C-4270-964D-829DCD1844C8} = {B63ECACB-725B-4C64-B324-217FCD6A88D8}
		{4C3AEF57-03EF-4151-B174-1F25F8F3830F} = {6B389B37-50EE-4FC8-A89B-43AF325AD4D5}
		{2590CEF6-74AF-4F1E-8262-AAA1E8B709FD} = {6B389B37-50EE-4FC8-A89B-43AF325AD4D5}
		{D822A407-BD9E-48E2-A472-7172623D21F3} = {6B389B37-50EE-4FC8-A89B-43AF325AD4D5}
		{22B9AA15-373F-4986-8D8B-EF92B1247738} = {B03D3690-62DA-4F8E-9E23-6FC9C29BDCC6}
		{E8D467B5-73B7-4B0D-A266-4D02FFCEAFEC} = {B03D3690-62DA-4F8E-9E23-6FC9C29BDCC6}
	EndGlobalSection
	GlobalSection(ExtensibilityGlobals) = postSolution
		SolutionGuid = {165893EC-6E48-491D-A8AA-ED3466B6C9B6}
	EndGlobalSection
EndGlobal
