
Microsoft Visual Studio Solution File, Format Version 12.00
# Visual Studio Version 17
VisualStudioVersion = 17.7.34221.43
MinimumVisualStudioVersion = 10.0.40219.1
Project("{9A19103F-16F7-4668-BE54-9A1E7A4F7556}") = "Classes", "Classes\Classes.csproj", "{9FC40744-57CF-41D0-962F-43B1C7953BFD}"
EndProject
Project("{9A19103F-16F7-4668-BE54-9A1E7A4F7556}") = "RdcAbstract", "Es2\RdcAbstract.csproj", "{EF9FC185-FEE2-4784-975E-40BBA48258F4}"
EndProject
Project("{9A19103F-16F7-4668-BE54-9A1E7A4F7556}") = "BankAndCEDU", "BankAndCEDU\BankAndCEDU.csproj", "{19FE4CF8-9D1B-4C95-A5C1-1F31E379142B}"
EndProject
Project("{9A19103F-16F7-4668-BE54-9A1E7A4F7556}") = "CodiceDiagrammaUmlStato", "CodiceDiagrammaUmlStato\CodiceDiagrammaUmlStato.csproj", "{A99F07C9-CC80-4F78-9B51-2FB2D3B5ED51}"
EndProject
Project("{9A19103F-16F7-4668-BE54-9A1E7A4F7556}") = "Refactoring_EU_Request", "Refactoring_EU_Request\Refactoring_EU_Request.csproj", "{4757EC19-A878-4E69-8049-798635ADF81E}"
EndProject
Project("{FAE04EC0-301F-11D3-BF4B-00C04F79EFBC}") = "EUArray", "EUArray\EUArray.csproj", "{664389D8-DD89-45E8-A97B-2B97C94A7FCA}"
EndProject
Global
	GlobalSection(SolutionConfigurationPlatforms) = preSolution
		Debug|Any CPU = Debug|Any CPU
		Release|Any CPU = Release|Any CPU
	EndGlobalSection
	GlobalSection(ProjectConfigurationPlatforms) = postSolution
		{9FC40744-57CF-41D0-962F-43B1C7953BFD}.Debug|Any CPU.ActiveCfg = Debug|Any CPU
		{9FC40744-57CF-41D0-962F-43B1C7953BFD}.Debug|Any CPU.Build.0 = Debug|Any CPU
		{9FC40744-57CF-41D0-962F-43B1C7953BFD}.Release|Any CPU.ActiveCfg = Release|Any CPU
		{9FC40744-57CF-41D0-962F-43B1C7953BFD}.Release|Any CPU.Build.0 = Release|Any CPU
		{EF9FC185-FEE2-4784-975E-40BBA48258F4}.Debug|Any CPU.ActiveCfg = Debug|Any CPU
		{EF9FC185-FEE2-4784-975E-40BBA48258F4}.Debug|Any CPU.Build.0 = Debug|Any CPU
		{EF9FC185-FEE2-4784-975E-40BBA48258F4}.Release|Any CPU.ActiveCfg = Release|Any CPU
		{EF9FC185-FEE2-4784-975E-40BBA48258F4}.Release|Any CPU.Build.0 = Release|Any CPU
		{19FE4CF8-9D1B-4C95-A5C1-1F31E379142B}.Debug|Any CPU.ActiveCfg = Debug|Any CPU
		{19FE4CF8-9D1B-4C95-A5C1-1F31E379142B}.Debug|Any CPU.Build.0 = Debug|Any CPU
		{19FE4CF8-9D1B-4C95-A5C1-1F31E379142B}.Release|Any CPU.ActiveCfg = Release|Any CPU
		{19FE4CF8-9D1B-4C95-A5C1-1F31E379142B}.Release|Any CPU.Build.0 = Release|Any CPU
		{A99F07C9-CC80-4F78-9B51-2FB2D3B5ED51}.Debug|Any CPU.ActiveCfg = Debug|Any CPU
		{A99F07C9-CC80-4F78-9B51-2FB2D3B5ED51}.Debug|Any CPU.Build.0 = Debug|Any CPU
		{A99F07C9-CC80-4F78-9B51-2FB2D3B5ED51}.Release|Any CPU.ActiveCfg = Release|Any CPU
		{A99F07C9-CC80-4F78-9B51-2FB2D3B5ED51}.Release|Any CPU.Build.0 = Release|Any CPU
		{4757EC19-A878-4E69-8049-798635ADF81E}.Debug|Any CPU.ActiveCfg = Debug|Any CPU
		{4757EC19-A878-4E69-8049-798635ADF81E}.Debug|Any CPU.Build.0 = Debug|Any CPU
		{4757EC19-A878-4E69-8049-798635ADF81E}.Release|Any CPU.ActiveCfg = Release|Any CPU
		{4757EC19-A878-4E69-8049-798635ADF81E}.Release|Any CPU.Build.0 = Release|Any CPU
		{664389D8-DD89-45E8-A97B-2B97C94A7FCA}.Debug|Any CPU.ActiveCfg = Debug|Any CPU
		{664389D8-DD89-45E8-A97B-2B97C94A7FCA}.Debug|Any CPU.Build.0 = Debug|Any CPU
		{664389D8-DD89-45E8-A97B-2B97C94A7FCA}.Release|Any CPU.ActiveCfg = Release|Any CPU
		{664389D8-DD89-45E8-A97B-2B97C94A7FCA}.Release|Any CPU.Build.0 = Release|Any CPU
	EndGlobalSection
	GlobalSection(SolutionProperties) = preSolution
		HideSolutionNode = FALSE
	EndGlobalSection
	GlobalSection(ExtensibilityGlobals) = postSolution
		SolutionGuid = {165893EC-6E48-491D-A8AA-ED3466B6C9B6}
	EndGlobalSection
EndGlobal
